
Microsoft Visual Studio Solution File, Format Version 12.00
# Visual Studio Version 17
VisualStudioVersion = 17.0.32112.339
MinimumVisualStudioVersion = 10.0.40219.1
Project("{9A19103F-16F7-4668-BE54-9A1E7A4F7556}") = "CleanArch.Domain", "src\CleanArch.Domain\CleanArch.Domain.csproj", "{5ACE7DBB-7CEA-4548-806D-7B44AA560E38}"
EndProject
Project("{9A19103F-16F7-4668-BE54-9A1E7A4F7556}") = "CleanArch.Application", "src\CleanArch.Application\CleanArch.Application.csproj", "{75F8AA1F-018B-4BCC-B8D9-2B8ABFE04318}"
EndProject
Project("{9A19103F-16F7-4668-BE54-9A1E7A4F7556}") = "CleanArch.Api", "src\CleanArch.Api\CleanArch.Api.csproj", "{2CB004DD-897A-4E47-834E-8F49855EB479}"
EndProject
Project("{9A19103F-16F7-4668-BE54-9A1E7A4F7556}") = "CleanArch.Data", "src\CleanArch.Data\CleanArch.Data.csproj", "{A688B811-8743-4993-9358-30D89D54F3C9}"
EndProject
Project("{2150E333-8FDC-42A3-9474-1A3956D46DE8}") = "src", "src", "{0724B5E7-F360-423E-B9ED-DC426FB084DE}"
EndProject
Project("{2150E333-8FDC-42A3-9474-1A3956D46DE8}") = "tests", "tests", "{E9114AAA-0AAD-42A6-B492-0F5170FBFAFD}"
EndProject
Project("{2150E333-8FDC-42A3-9474-1A3956D46DE8}") = "Infra", "Infra", "{5003B4F6-CB8A-447B-8AE3-B93D7766AD75}"
EndProject
Project("{2150E333-8FDC-42A3-9474-1A3956D46DE8}") = "Data", "Data", "{B992F756-6F3E-4525-A0B5-4D39A0D12CCB}"
EndProject
Project("{2150E333-8FDC-42A3-9474-1A3956D46DE8}") = "Cache", "Cache", "{54C869E7-FE1E-45A7-9022-C1AF39E24EC8}"
EndProject
Project("{2150E333-8FDC-42A3-9474-1A3956D46DE8}") = "Domain", "Domain", "{2672D61D-F675-4D2C-813D-72BE4C4C5108}"
EndProject
Project("{2150E333-8FDC-42A3-9474-1A3956D46DE8}") = "Api", "Api", "{57238282-EA89-4620-8DBD-052EA42B5E3E}"
EndProject
Project("{2150E333-8FDC-42A3-9474-1A3956D46DE8}") = "Application", "Application", "{9E7C9CBC-54A6-4FE7-9473-C367925C4F32}"
EndProject
Project("{9A19103F-16F7-4668-BE54-9A1E7A4F7556}") = "CleanArch.Cache", "src\CleanArch.Cache\CleanArch.Cache.csproj", "{0B04A812-DCE2-4D8F-BBA4-FF7CDC8E99E0}"
EndProject
Project("{FAE04EC0-301F-11D3-BF4B-00C04F79EFBC}") = "CleanArch.DomainTests", "tests\CleanArch.DomainTests\CleanArch.DomainTests.csproj", "{9FABAED1-EF9C-4576-93F0-B28C2A641C79}"
EndProject
Global
	GlobalSection(SolutionConfigurationPlatforms) = preSolution
		Debug|Any CPU = Debug|Any CPU
		Release|Any CPU = Release|Any CPU
	EndGlobalSection
	GlobalSection(ProjectConfigurationPlatforms) = postSolution
		{5ACE7DBB-7CEA-4548-806D-7B44AA560E38}.Debug|Any CPU.ActiveCfg = Debug|Any CPU
		{5ACE7DBB-7CEA-4548-806D-7B44AA560E38}.Debug|Any CPU.Build.0 = Debug|Any CPU
		{5ACE7DBB-7CEA-4548-806D-7B44AA560E38}.Release|Any CPU.ActiveCfg = Release|Any CPU
		{5ACE7DBB-7CEA-4548-806D-7B44AA560E38}.Release|Any CPU.Build.0 = Release|Any CPU
		{75F8AA1F-018B-4BCC-B8D9-2B8ABFE04318}.Debug|Any CPU.ActiveCfg = Debug|Any CPU
		{75F8AA1F-018B-4BCC-B8D9-2B8ABFE04318}.Debug|Any CPU.Build.0 = Debug|Any CPU
		{75F8AA1F-018B-4BCC-B8D9-2B8ABFE04318}.Release|Any CPU.ActiveCfg = Release|Any CPU
		{75F8AA1F-018B-4BCC-B8D9-2B8ABFE04318}.Release|Any CPU.Build.0 = Release|Any CPU
		{2CB004DD-897A-4E47-834E-8F49855EB479}.Debug|Any CPU.ActiveCfg = Debug|Any CPU
		{2CB004DD-897A-4E47-834E-8F49855EB479}.Debug|Any CPU.Build.0 = Debug|Any CPU
		{2CB004DD-897A-4E47-834E-8F49855EB479}.Release|Any CPU.ActiveCfg = Release|Any CPU
		{2CB004DD-897A-4E47-834E-8F49855EB479}.Release|Any CPU.Build.0 = Release|Any CPU
		{A688B811-8743-4993-9358-30D89D54F3C9}.Debug|Any CPU.ActiveCfg = Debug|Any CPU
		{A688B811-8743-4993-9358-30D89D54F3C9}.Debug|Any CPU.Build.0 = Debug|Any CPU
		{A688B811-8743-4993-9358-30D89D54F3C9}.Release|Any CPU.ActiveCfg = Release|Any CPU
		{A688B811-8743-4993-9358-30D89D54F3C9}.Release|Any CPU.Build.0 = Release|Any CPU
		{0B04A812-DCE2-4D8F-BBA4-FF7CDC8E99E0}.Debug|Any CPU.ActiveCfg = Debug|Any CPU
		{0B04A812-DCE2-4D8F-BBA4-FF7CDC8E99E0}.Debug|Any CPU.Build.0 = Debug|Any CPU
		{0B04A812-DCE2-4D8F-BBA4-FF7CDC8E99E0}.Release|Any CPU.ActiveCfg = Release|Any CPU
		{0B04A812-DCE2-4D8F-BBA4-FF7CDC8E99E0}.Release|Any CPU.Build.0 = Release|Any CPU
		{9FABAED1-EF9C-4576-93F0-B28C2A641C79}.Debug|Any CPU.ActiveCfg = Debug|Any CPU
		{9FABAED1-EF9C-4576-93F0-B28C2A641C79}.Debug|Any CPU.Build.0 = Debug|Any CPU
		{9FABAED1-EF9C-4576-93F0-B28C2A641C79}.Release|Any CPU.ActiveCfg = Release|Any CPU
		{9FABAED1-EF9C-4576-93F0-B28C2A641C79}.Release|Any CPU.Build.0 = Release|Any CPU
	EndGlobalSection
	GlobalSection(SolutionProperties) = preSolution
		HideSolutionNode = FALSE
	EndGlobalSection
	GlobalSection(NestedProjects) = preSolution
		{5ACE7DBB-7CEA-4548-806D-7B44AA560E38} = {2672D61D-F675-4D2C-813D-72BE4C4C5108}
		{75F8AA1F-018B-4BCC-B8D9-2B8ABFE04318} = {9E7C9CBC-54A6-4FE7-9473-C367925C4F32}
		{2CB004DD-897A-4E47-834E-8F49855EB479} = {57238282-EA89-4620-8DBD-052EA42B5E3E}
		{A688B811-8743-4993-9358-30D89D54F3C9} = {B992F756-6F3E-4525-A0B5-4D39A0D12CCB}
		{5003B4F6-CB8A-447B-8AE3-B93D7766AD75} = {0724B5E7-F360-423E-B9ED-DC426FB084DE}
		{B992F756-6F3E-4525-A0B5-4D39A0D12CCB} = {5003B4F6-CB8A-447B-8AE3-B93D7766AD75}
		{54C869E7-FE1E-45A7-9022-C1AF39E24EC8} = {5003B4F6-CB8A-447B-8AE3-B93D7766AD75}
		{2672D61D-F675-4D2C-813D-72BE4C4C5108} = {0724B5E7-F360-423E-B9ED-DC426FB084DE}
		{57238282-EA89-4620-8DBD-052EA42B5E3E} = {0724B5E7-F360-423E-B9ED-DC426FB084DE}
		{9E7C9CBC-54A6-4FE7-9473-C367925C4F32} = {0724B5E7-F360-423E-B9ED-DC426FB084DE}
		{0B04A812-DCE2-4D8F-BBA4-FF7CDC8E99E0} = {54C869E7-FE1E-45A7-9022-C1AF39E24EC8}
		{9FABAED1-EF9C-4576-93F0-B28C2A641C79} = {E9114AAA-0AAD-42A6-B492-0F5170FBFAFD}
	EndGlobalSection
	GlobalSection(ExtensibilityGlobals) = postSolution
		SolutionGuid = {98D586FC-87E9-4339-90D3-E837CA63BBB4}
	EndGlobalSection
EndGlobal
